
Microsoft Visual Studio Solution File, Format Version 12.00
# Visual Studio Version 16
VisualStudioVersion = 16.0.31515.178
MinimumVisualStudioVersion = 10.0.40219.1
Project("{9A19103F-16F7-4668-BE54-9A1E7A4F7556}") = "GestionDeStock.API", "GestionDeStock.API\GestionDeStock.API.csproj", "{A7EA7AD1-80F4-4A1E-A73E-8DFE2C87804C}"
EndProject
Project("{2150E333-8FDC-42A3-9474-1A3956D46DE8}") = "src", "src", "{587B4BD2-095D-48D9-B282-FC0B7DB086A6}"
EndProject
Project("{2150E333-8FDC-42A3-9474-1A3956D46DE8}") = "Services", "Services", "{D80028DE-DC2E-4ED6-A1EB-F82E8408E67C}"
EndProject
Project("{2150E333-8FDC-42A3-9474-1A3956D46DE8}") = "GestionStock", "GestionStock", "{6A0C4741-D135-4EC8-B4A2-ACE785806E54}"
EndProject
Project("{9A19103F-16F7-4668-BE54-9A1E7A4F7556}") = "GestionStock.Domain", "GestionStock.Domain\GestionStock.Domain.csproj", "{FC48BD46-4C11-4636-B00C-2D9270E51534}"
EndProject
Project("{9A19103F-16F7-4668-BE54-9A1E7A4F7556}") = "GestionStock.Infrastructure", "GestionStock.Infrastructure\GestionStock.Infrastructure.csproj", "{55C22AE7-D04B-42B3-BF05-328DC8B3B8D4}"
EndProject
Project("{9A19103F-16F7-4668-BE54-9A1E7A4F7556}") = "GestionStock.Service", "GestionStock.Service\GestionStock.Service.csproj", "{4E724042-37B0-4549-BA79-CC89405D1E8F}"
EndProject
Project("{2150E333-8FDC-42A3-9474-1A3956D46DE8}") = "Test", "Test", "{EC5EA1E5-B40A-4BB9-99F0-70652255195C}"
EndProject
Global
	GlobalSection(SolutionConfigurationPlatforms) = preSolution
		Debug|Any CPU = Debug|Any CPU
		Release|Any CPU = Release|Any CPU
	EndGlobalSection
	GlobalSection(ProjectConfigurationPlatforms) = postSolution
		{A7EA7AD1-80F4-4A1E-A73E-8DFE2C87804C}.Debug|Any CPU.ActiveCfg = Debug|Any CPU
		{A7EA7AD1-80F4-4A1E-A73E-8DFE2C87804C}.Debug|Any CPU.Build.0 = Debug|Any CPU
		{A7EA7AD1-80F4-4A1E-A73E-8DFE2C87804C}.Release|Any CPU.ActiveCfg = Release|Any CPU
		{A7EA7AD1-80F4-4A1E-A73E-8DFE2C87804C}.Release|Any CPU.Build.0 = Release|Any CPU
		{FC48BD46-4C11-4636-B00C-2D9270E51534}.Debug|Any CPU.ActiveCfg = Debug|Any CPU
		{FC48BD46-4C11-4636-B00C-2D9270E51534}.Debug|Any CPU.Build.0 = Debug|Any CPU
		{FC48BD46-4C11-4636-B00C-2D9270E51534}.Release|Any CPU.ActiveCfg = Release|Any CPU
		{FC48BD46-4C11-4636-B00C-2D9270E51534}.Release|Any CPU.Build.0 = Release|Any CPU
		{55C22AE7-D04B-42B3-BF05-328DC8B3B8D4}.Debug|Any CPU.ActiveCfg = Debug|Any CPU
		{55C22AE7-D04B-42B3-BF05-328DC8B3B8D4}.Debug|Any CPU.Build.0 = Debug|Any CPU
		{55C22AE7-D04B-42B3-BF05-328DC8B3B8D4}.Release|Any CPU.ActiveCfg = Release|Any CPU
		{55C22AE7-D04B-42B3-BF05-328DC8B3B8D4}.Release|Any CPU.Build.0 = Release|Any CPU
		{4E724042-37B0-4549-BA79-CC89405D1E8F}.Debug|Any CPU.ActiveCfg = Debug|Any CPU
		{4E724042-37B0-4549-BA79-CC89405D1E8F}.Debug|Any CPU.Build.0 = Debug|Any CPU
		{4E724042-37B0-4549-BA79-CC89405D1E8F}.Release|Any CPU.ActiveCfg = Release|Any CPU
		{4E724042-37B0-4549-BA79-CC89405D1E8F}.Release|Any CPU.Build.0 = Release|Any CPU
	EndGlobalSection
	GlobalSection(SolutionProperties) = preSolution
		HideSolutionNode = FALSE
	EndGlobalSection
	GlobalSection(NestedProjects) = preSolution
		{A7EA7AD1-80F4-4A1E-A73E-8DFE2C87804C} = {6A0C4741-D135-4EC8-B4A2-ACE785806E54}
		{D80028DE-DC2E-4ED6-A1EB-F82E8408E67C} = {587B4BD2-095D-48D9-B282-FC0B7DB086A6}
		{6A0C4741-D135-4EC8-B4A2-ACE785806E54} = {D80028DE-DC2E-4ED6-A1EB-F82E8408E67C}
		{FC48BD46-4C11-4636-B00C-2D9270E51534} = {6A0C4741-D135-4EC8-B4A2-ACE785806E54}
		{55C22AE7-D04B-42B3-BF05-328DC8B3B8D4} = {6A0C4741-D135-4EC8-B4A2-ACE785806E54}
		{4E724042-37B0-4549-BA79-CC89405D1E8F} = {6A0C4741-D135-4EC8-B4A2-ACE785806E54}
	EndGlobalSection
	GlobalSection(ExtensibilityGlobals) = postSolution
		SolutionGuid = {DBD5175C-4D0B-460E-AF52-AB4E8AC4B611}
	EndGlobalSection
EndGlobal
